{
  "requires": true,
  "lockfileVersion": 1,
  "dependencies": {
    "vx-easyui": {
      "version": "1.1.1",
      "resolved": "https://registry.npmjs.org/vx-easyui/-/vx-easyui-1.1.1.tgz",
      "integrity": "sha512-nBK2L6Yy5vQvcbAdcdcLtdsXbPibbEZVzXJZ7yBKG3U07Xp6H6afDk1l+7RfaR+AMGO12a09saFYSuLiLofFcQ=="
    }
  }
}
